
Microsoft Visual Studio Solution File, Format Version 12.00
# Visual Studio Version 17
VisualStudioVersion = 17.0.31903.59
MinimumVisualStudioVersion = 10.0.40219.1
Project("{2150E333-8FDC-42A3-9474-1A3956D46DE8}") = "src", "src", "{827E0CD3-B72D-47B6-A68D-7590B98EB39B}"
EndProject
Project("{2150E333-8FDC-42A3-9474-1A3956D46DE8}") = "Core", "Core", "{5E707407-CDB7-4E0A-9DEA-D7B6E80222B7}"
EndProject
Project("{FAE04EC0-301F-11D3-BF4B-00C04F79EFBC}") = "UBS.AM.PLT.Snapshot.Application", "src\Core\UBS.AM.PLT.Snapshot.Application\UBS.AM.PLT.Snapshot.Application.csproj", "{AED0B13D-58E2-4501-877C-5B03DB1F22A7}"
EndProject
Project("{FAE04EC0-301F-11D3-BF4B-00C04F79EFBC}") = "UBS.AM.PLT.Snapshot.Domain", "src\Core\UBS.AM.PLT.Snapshot.Domain\UBS.AM.PLT.Snapshot.Domain.csproj", "{5AB7912E-D2D3-41DA-8993-BE19E07C5664}"
EndProject
Project("{2150E333-8FDC-42A3-9474-1A3956D46DE8}") = "Infrastructure", "Infrastructure", "{4C6E2C8B-9B0A-4A9E-8A2F-1A2B3C4D5E6F}"
EndProject
Project("{FAE04EC0-301F-11D3-BF4B-00C04F79EFBC}") = "UBS.AM.PLT.Snapshot.Infrastructure.Sql", "src\Infrastructure\Sql\UBS.AM.PLT.Snapshot.Infrastructure.Sql.csproj", "{E87C8EA7-1595-4355-89CF-4A1B094B34BA}"
EndProject
Project("{FAE04EC0-301F-11D3-BF4B-00C04F79EFBC}") = "UBS.AM.PLT.Snapshot.Infrastructure.Adls", "src\Infrastructure\Adls\UBS.AM.PLT.Snapshot.Infrastructure.Adls.csproj", "{F9277D95-A8AE-41E2-A0E8-3C70A6870885}"
EndProject
Project("{FAE04EC0-301F-11D3-BF4B-00C04F79EFBC}") = "UBS.AM.PLT.Snapshot.Infrastructure.Kafka", "src\Infrastructure\Kafka\UBS.AM.PLT.Snapshot.Infrastructure.Kafka.csproj", "{D9201962-3C28-4ACA-AC53-A083EE39D121}"
EndProject
Project("{2150E333-8FDC-42A3-9474-1A3956D46DE8}") = "Clients", "Clients", "{113776A4-B402-4F19-B02E-5650EDE114F0}"
EndProject
Project("{FAE04EC0-301F-11D3-BF4B-00C04F79EFBC}") = "UBS.AM.PLT.Snapshot.Worker", "src\Clients\UBS.AM.PLT.Snapshot.Worker\UBS.AM.PLT.Snapshot.Worker.csproj", "{7AAF902A-773D-438F-A0F1-2D3D9449A539}"
EndProject
Project("{2150E333-8FDC-42A3-9474-1A3956D46DE8}") = "tests", "tests", "{0AB3BF05-4346-4AA6-1389-037BE0695223}"
EndProject
Project("{FAE04EC0-301F-11D3-BF4B-00C04F79EFBC}") = "UBS.AM.PLT.Snapshot.UnitTests", "tests\UBS.AM.PLT.Snapshot.UnitTests\UBS.AM.PLT.Snapshot.UnitTests.csproj", "{BC90493A-E5EC-42B0-BBF1-B5D6817B1A45}"
EndProject
Project("{FAE04EC0-301F-11D3-BF4B-00C04F79EFBC}") = "UBS.AM.PLT.Snapshot.IntegrationTests", "tests\UBS.AM.PLT.Snapshot.IntegrationTests\UBS.AM.PLT.Snapshot.IntegrationTests.csproj", "{587A0873-BC1F-437D-B845-3508F49636A8}"
EndProject
Global
	GlobalSection(SolutionConfigurationPlatforms) = preSolution
		Debug|Any CPU = Debug|Any CPU
		Debug|x64 = Debug|x64
		Debug|x86 = Debug|x86
		Release|Any CPU = Release|Any CPU
		Release|x64 = Release|x64
		Release|x86 = Release|x86
	EndGlobalSection
	GlobalSection(ProjectConfigurationPlatforms) = postSolution
		{AED0B13D-58E2-4501-877C-5B03DB1F22A7}.Debug|Any CPU.ActiveCfg = Debug|Any CPU
		{AED0B13D-58E2-4501-877C-5B03DB1F22A7}.Debug|Any CPU.Build.0 = Debug|Any CPU
		{AED0B13D-58E2-4501-877C-5B03DB1F22A7}.Debug|x64.ActiveCfg = Debug|Any CPU
		{AED0B13D-58E2-4501-877C-5B03DB1F22A7}.Debug|x64.Build.0 = Debug|Any CPU
		{AED0B13D-58E2-4501-877C-5B03DB1F22A7}.Debug|x86.ActiveCfg = Debug|Any CPU
		{AED0B13D-58E2-4501-877C-5B03DB1F22A7}.Debug|x86.Build.0 = Debug|Any CPU
		{AED0B13D-58E2-4501-877C-5B03DB1F22A7}.Release|Any CPU.ActiveCfg = Release|Any CPU
		{AED0B13D-58E2-4501-877C-5B03DB1F22A7}.Release|Any CPU.Build.0 = Release|Any CPU
		{AED0B13D-58E2-4501-877C-5B03DB1F22A7}.Release|x64.ActiveCfg = Release|Any CPU
		{AED0B13D-58E2-4501-877C-5B03DB1F22A7}.Release|x64.Build.0 = Release|Any CPU
		{AED0B13D-58E2-4501-877C-5B03DB1F22A7}.Release|x86.ActiveCfg = Release|Any CPU
		{AED0B13D-58E2-4501-877C-5B03DB1F22A7}.Release|x86.Build.0 = Release|Any CPU
		{5AB7912E-D2D3-41DA-8993-BE19E07C5664}.Debug|Any CPU.ActiveCfg = Debug|Any CPU
		{5AB7912E-D2D3-41DA-8993-BE19E07C5664}.Debug|Any CPU.Build.0 = Debug|Any CPU
		{5AB7912E-D2D3-41DA-8993-BE19E07C5664}.Debug|x64.ActiveCfg = Debug|Any CPU
		{5AB7912E-D2D3-41DA-8993-BE19E07C5664}.Debug|x64.Build.0 = Debug|Any CPU
		{5AB7912E-D2D3-41DA-8993-BE19E07C5664}.Debug|x86.ActiveCfg = Debug|Any CPU
		{5AB7912E-D2D3-41DA-8993-BE19E07C5664}.Debug|x86.Build.0 = Debug|Any CPU
		{5AB7912E-D2D3-41DA-8993-BE19E07C5664}.Release|Any CPU.ActiveCfg = Release|Any CPU
		{5AB7912E-D2D3-41DA-8993-BE19E07C5664}.Release|Any CPU.Build.0 = Release|Any CPU
		{5AB7912E-D2D3-41DA-8993-BE19E07C5664}.Release|x64.ActiveCfg = Release|Any CPU
		{5AB7912E-D2D3-41DA-8993-BE19E07C5664}.Release|x64.Build.0 = Release|Any CPU
		{5AB7912E-D2D3-41DA-8993-BE19E07C5664}.Release|x86.ActiveCfg = Release|Any CPU
		{5AB7912E-D2D3-41DA-8993-BE19E07C5664}.Release|x86.Build.0 = Release|Any CPU
		{E87C8EA7-1595-4355-89CF-4A1B094B34BA}.Debug|Any CPU.ActiveCfg = Debug|Any CPU
		{E87C8EA7-1595-4355-89CF-4A1B094B34BA}.Debug|Any CPU.Build.0 = Debug|Any CPU
		{E87C8EA7-1595-4355-89CF-4A1B094B34BA}.Debug|x64.ActiveCfg = Debug|Any CPU
		{E87C8EA7-1595-4355-89CF-4A1B094B34BA}.Debug|x64.Build.0 = Debug|Any CPU
		{E87C8EA7-1595-4355-89CF-4A1B094B34BA}.Debug|x86.ActiveCfg = Debug|Any CPU
		{E87C8EA7-1595-4355-89CF-4A1B094B34BA}.Debug|x86.Build.0 = Debug|Any CPU
		{E87C8EA7-1595-4355-89CF-4A1B094B34BA}.Release|Any CPU.ActiveCfg = Release|Any CPU
		{E87C8EA7-1595-4355-89CF-4A1B094B34BA}.Release|Any CPU.Build.0 = Release|Any CPU
		{E87C8EA7-1595-4355-89CF-4A1B094B34BA}.Release|x64.ActiveCfg = Release|Any CPU
		{E87C8EA7-1595-4355-89CF-4A1B094B34BA}.Release|x64.Build.0 = Release|Any CPU
		{E87C8EA7-1595-4355-89CF-4A1B094B34BA}.Release|x86.ActiveCfg = Release|Any CPU
		{E87C8EA7-1595-4355-89CF-4A1B094B34BA}.Release|x86.Build.0 = Release|Any CPU
		{F9277D95-A8AE-41E2-A0E8-3C70A6870885}.Debug|Any CPU.ActiveCfg = Debug|Any CPU
		{F9277D95-A8AE-41E2-A0E8-3C70A6870885}.Debug|Any CPU.Build.0 = Debug|Any CPU
		{F9277D95-A8AE-41E2-A0E8-3C70A6870885}.Debug|x64.ActiveCfg = Debug|Any CPU
		{F9277D95-A8AE-41E2-A0E8-3C70A6870885}.Debug|x64.Build.0 = Debug|Any CPU
		{F9277D95-A8AE-41E2-A0E8-3C70A6870885}.Debug|x86.ActiveCfg = Debug|Any CPU
		{F9277D95-A8AE-41E2-A0E8-3C70A6870885}.Debug|x86.Build.0 = Debug|Any CPU
		{F9277D95-A8AE-41E2-A0E8-3C70A6870885}.Release|Any CPU.ActiveCfg = Release|Any CPU
		{F9277D95-A8AE-41E2-A0E8-3C70A6870885}.Release|Any CPU.Build.0 = Release|Any CPU
		{F9277D95-A8AE-41E2-A0E8-3C70A6870885}.Release|x64.ActiveCfg = Release|Any CPU
		{F9277D95-A8AE-41E2-A0E8-3C70A6870885}.Release|x64.Build.0 = Release|Any CPU
		{F9277D95-A8AE-41E2-A0E8-3C70A6870885}.Release|x86.ActiveCfg = Release|Any CPU
		{F9277D95-A8AE-41E2-A0E8-3C70A6870885}.Release|x86.Build.0 = Release|Any CPU
		{D9201962-3C28-4ACA-AC53-A083EE39D121}.Debug|Any CPU.ActiveCfg = Debug|Any CPU
		{D9201962-3C28-4ACA-AC53-A083EE39D121}.Debug|Any CPU.Build.0 = Debug|Any CPU
		{D9201962-3C28-4ACA-AC53-A083EE39D121}.Debug|x64.ActiveCfg = Debug|Any CPU
		{D9201962-3C28-4ACA-AC53-A083EE39D121}.Debug|x64.Build.0 = Debug|Any CPU
		{D9201962-3C28-4ACA-AC53-A083EE39D121}.Debug|x86.ActiveCfg = Debug|Any CPU
		{D9201962-3C28-4ACA-AC53-A083EE39D121}.Debug|x86.Build.0 = Debug|Any CPU
		{D9201962-3C28-4ACA-AC53-A083EE39D121}.Release|Any CPU.ActiveCfg = Release|Any CPU
		{D9201962-3C28-4ACA-AC53-A083EE39D121}.Release|Any CPU.Build.0 = Release|Any CPU
		{D9201962-3C28-4ACA-AC53-A083EE39D121}.Release|x64.ActiveCfg = Release|Any CPU
		{D9201962-3C28-4ACA-AC53-A083EE39D121}.Release|x64.Build.0 = Release|Any CPU
		{D9201962-3C28-4ACA-AC53-A083EE39D121}.Release|x86.ActiveCfg = Release|Any CPU
		{D9201962-3C28-4ACA-AC53-A083EE39D121}.Release|x86.Build.0 = Release|Any CPU
		{7AAF902A-773D-438F-A0F1-2D3D9449A539}.Debug|Any CPU.ActiveCfg = Debug|Any CPU
		{7AAF902A-773D-438F-A0F1-2D3D9449A539}.Debug|Any CPU.Build.0 = Debug|Any CPU
		{7AAF902A-773D-438F-A0F1-2D3D9449A539}.Debug|x64.ActiveCfg = Debug|Any CPU
		{7AAF902A-773D-438F-A0F1-2D3D9449A539}.Debug|x64.Build.0 = Debug|Any CPU
		{7AAF902A-773D-438F-A0F1-2D3D9449A539}.Debug|x86.ActiveCfg = Debug|Any CPU
		{7AAF902A-773D-438F-A0F1-2D3D9449A539}.Debug|x86.Build.0 = Debug|Any CPU
		{7AAF902A-773D-438F-A0F1-2D3D9449A539}.Release|Any CPU.ActiveCfg = Release|Any CPU
		{7AAF902A-773D-438F-A0F1-2D3D9449A539}.Release|Any CPU.Build.0 = Release|Any CPU
		{7AAF902A-773D-438F-A0F1-2D3D9449A539}.Release|x64.ActiveCfg = Release|Any CPU
		{7AAF902A-773D-438F-A0F1-2D3D9449A539}.Release|x64.Build.0 = Release|Any CPU
		{7AAF902A-773D-438F-A0F1-2D3D9449A539}.Release|x86.ActiveCfg = Release|Any CPU
		{7AAF902A-773D-438F-A0F1-2D3D9449A539}.Release|x86.Build.0 = Release|Any CPU
		{BC90493A-E5EC-42B0-BBF1-B5D6817B1A45}.Debug|Any CPU.ActiveCfg = Debug|Any CPU
		{BC90493A-E5EC-42B0-BBF1-B5D6817B1A45}.Debug|Any CPU.Build.0 = Debug|Any CPU
		{BC90493A-E5EC-42B0-BBF1-B5D6817B1A45}.Debug|x64.ActiveCfg = Debug|Any CPU
		{BC90493A-E5EC-42B0-BBF1-B5D6817B1A45}.Debug|x64.Build.0 = Debug|Any CPU
		{BC90493A-E5EC-42B0-BBF1-B5D6817B1A45}.Debug|x86.ActiveCfg = Debug|Any CPU
		{BC90493A-E5EC-42B0-BBF1-B5D6817B1A45}.Debug|x86.Build.0 = Debug|Any CPU
		{BC90493A-E5EC-42B0-BBF1-B5D6817B1A45}.Release|Any CPU.ActiveCfg = Release|Any CPU
		{BC90493A-E5EC-42B0-BBF1-B5D6817B1A45}.Release|Any CPU.Build.0 = Release|Any CPU
		{BC90493A-E5EC-42B0-BBF1-B5D6817B1A45}.Release|x64.ActiveCfg = Release|Any CPU
		{BC90493A-E5EC-42B0-BBF1-B5D6817B1A45}.Release|x64.Build.0 = Release|Any CPU
		{BC90493A-E5EC-42B0-BBF1-B5D6817B1A45}.Release|x86.ActiveCfg = Release|Any CPU
		{BC90493A-E5EC-42B0-BBF1-B5D6817B1A45}.Release|x86.Build.0 = Release|Any CPU
		{587A0873-BC1F-437D-B845-3508F49636A8}.Debug|Any CPU.ActiveCfg = Debug|Any CPU
		{587A0873-BC1F-437D-B845-3508F49636A8}.Debug|Any CPU.Build.0 = Debug|Any CPU
		{587A0873-BC1F-437D-B845-3508F49636A8}.Debug|x64.ActiveCfg = Debug|Any CPU
		{587A0873-BC1F-437D-B845-3508F49636A8}.Debug|x64.Build.0 = Debug|Any CPU
		{587A0873-BC1F-437D-B845-3508F49636A8}.Debug|x86.ActiveCfg = Debug|Any CPU
		{587A0873-BC1F-437D-B845-3508F49636A8}.Debug|x86.Build.0 = Debug|Any CPU
		{587A0873-BC1F-437D-B845-3508F49636A8}.Release|Any CPU.ActiveCfg = Release|Any CPU
		{587A0873-BC1F-437D-B845-3508F49636A8}.Release|Any CPU.Build.0 = Release|Any CPU
		{587A0873-BC1F-437D-B845-3508F49636A8}.Release|x64.ActiveCfg = Release|Any CPU
		{587A0873-BC1F-437D-B845-3508F49636A8}.Release|x64.Build.0 = Release|Any CPU
		{587A0873-BC1F-437D-B845-3508F49636A8}.Release|x86.ActiveCfg = Release|Any CPU
		{587A0873-BC1F-437D-B845-3508F49636A8}.Release|x86.Build.0 = Release|Any CPU
	EndGlobalSection
	GlobalSection(SolutionProperties) = preSolution
		HideSolutionNode = FALSE
	EndGlobalSection
	GlobalSection(NestedProjects) = preSolution
		{5E707407-CDB7-4E0A-9DEA-D7B6E80222B7} = {827E0CD3-B72D-47B6-A68D-7590B98EB39B}
		{AED0B13D-58E2-4501-877C-5B03DB1F22A7} = {5E707407-CDB7-4E0A-9DEA-D7B6E80222B7}
		{5AB7912E-D2D3-41DA-8993-BE19E07C5664} = {5E707407-CDB7-4E0A-9DEA-D7B6E80222B7}
		{4C6E2C8B-9B0A-4A9E-8A2F-1A2B3C4D5E6F} = {827E0CD3-B72D-47B6-A68D-7590B98EB39B}
		{E87C8EA7-1595-4355-89CF-4A1B094B34BA} = {4C6E2C8B-9B0A-4A9E-8A2F-1A2B3C4D5E6F}
		{F9277D95-A8AE-41E2-A0E8-3C70A6870885} = {4C6E2C8B-9B0A-4A9E-8A2F-1A2B3C4D5E6F}
		{D9201962-3C28-4ACA-AC53-A083EE39D121} = {4C6E2C8B-9B0A-4A9E-8A2F-1A2B3C4D5E6F}
		{113776A4-B402-4F19-B02E-5650EDE114F0} = {827E0CD3-B72D-47B6-A68D-7590B98EB39B}
		{7AAF902A-773D-438F-A0F1-2D3D9449A539} = {113776A4-B402-4F19-B02E-5650EDE114F0}
		{BC90493A-E5EC-42B0-BBF1-B5D6817B1A45} = {0AB3BF05-4346-4AA6-1389-037BE0695223}
		{587A0873-BC1F-437D-B845-3508F49636A8} = {0AB3BF05-4346-4AA6-1389-037BE0695223}
	EndGlobalSection
EndGlobal
