
Microsoft Visual Studio Solution File, Format Version 12.00
# Visual Studio Version 17
VisualStudioVersion = 17.0.31903.59
MinimumVisualStudioVersion = 10.0.40219.1
Project("{2150E333-8FDC-42A3-9474-1A3956D46DE8}") = "src", "src", "{827E0CD3-B72D-47B6-A68D-7590B98EB39B}"
EndProject
Project("{FAE04EC0-301F-11D3-BF4B-00C04F79EFBC}") = "UBS.AM.PLT.SnapshotWriter.Application", "src\UBS.AM.PLT.SnapshotWriter.Application\UBS.AM.PLT.SnapshotWriter.Application.csproj", "{AED0B13D-58E2-4501-877C-5B03DB1F22A7}"
EndProject
Project("{FAE04EC0-301F-11D3-BF4B-00C04F79EFBC}") = "UBS.AM.PLT.SnapshotWriter.Domain", "src\UBS.AM.PLT.SnapshotWriter.Domain\UBS.AM.PLT.SnapshotWriter.Domain.csproj", "{5AB7912E-D2D3-41DA-8993-BE19E07C5664}"
EndProject
Project("{FAE04EC0-301F-11D3-BF4B-00C04F79EFBC}") = "UBS.AM.PLT.SnapshotWriter.Infrastructure", "src\UBS.AM.PLT.SnapshotWriter.Infrastructure\UBS.AM.PLT.SnapshotWriter.Infrastructure.csproj", "{EA46FD04-30D8-4F42-974D-6571E9792C47}"
EndProject
Project("{FAE04EC0-301F-11D3-BF4B-00C04F79EFBC}") = "UBS.AM.PLT.SnapshotWriter.Worker", "src\UBS.AM.PLT.SnapshotWriter.Worker\UBS.AM.PLT.SnapshotWriter.Worker.csproj", "{7AAF902A-773D-438F-A0F1-2D3D9449A539}"
EndProject
Project("{2150E333-8FDC-42A3-9474-1A3956D46DE8}") = "tests", "tests", "{0AB3BF05-4346-4AA6-1389-037BE0695223}"
EndProject
Project("{FAE04EC0-301F-11D3-BF4B-00C04F79EFBC}") = "UBS.AM.PLT.SnapshotWriter.UnitTests", "tests\UBS.AM.PLT.SnapshotWriter.UnitTests\UBS.AM.PLT.SnapshotWriter.UnitTests.csproj", "{BC90493A-E5EC-42B0-BBF1-B5D6817B1A45}"
EndProject
Project("{2150E333-8FDC-42A3-9474-1A3956D46DE8}") = "tools", "tools", "{07C2787E-EAC7-C090-1BA3-A61EC2A24D84}"
EndProject
Project("{FAE04EC0-301F-11D3-BF4B-00C04F79EFBC}") = "UBS.AM.PLT.SnapshotWriter.TestProducer", "tools\UBS.AM.PLT.SnapshotWriter.TestProducer\UBS.AM.PLT.SnapshotWriter.TestProducer.csproj", "{6942F29E-741B-4755-8C91-11E85AC044C6}"
EndProject
Project("{FAE04EC0-301F-11D3-BF4B-00C04F79EFBC}") = "UBS.AM.PLT.SnapshotWriter.IntegrationTests", "tests\UBS.AM.PLT.SnapshotWriter.IntegrationTests\UBS.AM.PLT.SnapshotWriter.IntegrationTests.csproj", "{5B122DBF-1647-49FB-AD22-7EF3781CC0DA}"
EndProject
Global
	GlobalSection(SolutionConfigurationPlatforms) = preSolution
		Debug|Any CPU = Debug|Any CPU
		Debug|x64 = Debug|x64
		Debug|x86 = Debug|x86
		Release|Any CPU = Release|Any CPU
		Release|x64 = Release|x64
		Release|x86 = Release|x86
	EndGlobalSection
	GlobalSection(ProjectConfigurationPlatforms) = postSolution
		{AED0B13D-58E2-4501-877C-5B03DB1F22A7}.Debug|Any CPU.ActiveCfg = Debug|Any CPU
		{AED0B13D-58E2-4501-877C-5B03DB1F22A7}.Debug|Any CPU.Build.0 = Debug|Any CPU
		{AED0B13D-58E2-4501-877C-5B03DB1F22A7}.Debug|x64.ActiveCfg = Debug|Any CPU
		{AED0B13D-58E2-4501-877C-5B03DB1F22A7}.Debug|x64.Build.0 = Debug|Any CPU
		{AED0B13D-58E2-4501-877C-5B03DB1F22A7}.Debug|x86.ActiveCfg = Debug|Any CPU
		{AED0B13D-58E2-4501-877C-5B03DB1F22A7}.Debug|x86.Build.0 = Debug|Any CPU
		{AED0B13D-58E2-4501-877C-5B03DB1F22A7}.Release|Any CPU.ActiveCfg = Release|Any CPU
		{AED0B13D-58E2-4501-877C-5B03DB1F22A7}.Release|Any CPU.Build.0 = Release|Any CPU
		{AED0B13D-58E2-4501-877C-5B03DB1F22A7}.Release|x64.ActiveCfg = Release|Any CPU
		{AED0B13D-58E2-4501-877C-5B03DB1F22A7}.Release|x64.Build.0 = Release|Any CPU
		{AED0B13D-58E2-4501-877C-5B03DB1F22A7}.Release|x86.ActiveCfg = Release|Any CPU
		{AED0B13D-58E2-4501-877C-5B03DB1F22A7}.Release|x86.Build.0 = Release|Any CPU
		{5AB7912E-D2D3-41DA-8993-BE19E07C5664}.Debug|Any CPU.ActiveCfg = Debug|Any CPU
		{5AB7912E-D2D3-41DA-8993-BE19E07C5664}.Debug|Any CPU.Build.0 = Debug|Any CPU
		{5AB7912E-D2D3-41DA-8993-BE19E07C5664}.Debug|x64.ActiveCfg = Debug|Any CPU
		{5AB7912E-D2D3-41DA-8993-BE19E07C5664}.Debug|x64.Build.0 = Debug|Any CPU
		{5AB7912E-D2D3-41DA-8993-BE19E07C5664}.Debug|x86.ActiveCfg = Debug|Any CPU
		{5AB7912E-D2D3-41DA-8993-BE19E07C5664}.Debug|x86.Build.0 = Debug|Any CPU
		{5AB7912E-D2D3-41DA-8993-BE19E07C5664}.Release|Any CPU.ActiveCfg = Release|Any CPU
		{5AB7912E-D2D3-41DA-8993-BE19E07C5664}.Release|Any CPU.Build.0 = Release|Any CPU
		{5AB7912E-D2D3-41DA-8993-BE19E07C5664}.Release|x64.ActiveCfg = Release|Any CPU
		{5AB7912E-D2D3-41DA-8993-BE19E07C5664}.Release|x64.Build.0 = Release|Any CPU
		{5AB7912E-D2D3-41DA-8993-BE19E07C5664}.Release|x86.ActiveCfg = Release|Any CPU
		{5AB7912E-D2D3-41DA-8993-BE19E07C5664}.Release|x86.Build.0 = Release|Any CPU
		{EA46FD04-30D8-4F42-974D-6571E9792C47}.Debug|Any CPU.ActiveCfg = Debug|Any CPU
		{EA46FD04-30D8-4F42-974D-6571E9792C47}.Debug|Any CPU.Build.0 = Debug|Any CPU
		{EA46FD04-30D8-4F42-974D-6571E9792C47}.Debug|x64.ActiveCfg = Debug|Any CPU
		{EA46FD04-30D8-4F42-974D-6571E9792C47}.Debug|x64.Build.0 = Debug|Any CPU
		{EA46FD04-30D8-4F42-974D-6571E9792C47}.Debug|x86.ActiveCfg = Debug|Any CPU
		{EA46FD04-30D8-4F42-974D-6571E9792C47}.Debug|x86.Build.0 = Debug|Any CPU
		{EA46FD04-30D8-4F42-974D-6571E9792C47}.Release|Any CPU.ActiveCfg = Release|Any CPU
		{EA46FD04-30D8-4F42-974D-6571E9792C47}.Release|Any CPU.Build.0 = Release|Any CPU
		{EA46FD04-30D8-4F42-974D-6571E9792C47}.Release|x64.ActiveCfg = Release|Any CPU
		{EA46FD04-30D8-4F42-974D-6571E9792C47}.Release|x64.Build.0 = Release|Any CPU
		{EA46FD04-30D8-4F42-974D-6571E9792C47}.Release|x86.ActiveCfg = Release|Any CPU
		{EA46FD04-30D8-4F42-974D-6571E9792C47}.Release|x86.Build.0 = Release|Any CPU
		{7AAF902A-773D-438F-A0F1-2D3D9449A539}.Debug|Any CPU.ActiveCfg = Debug|Any CPU
		{7AAF902A-773D-438F-A0F1-2D3D9449A539}.Debug|Any CPU.Build.0 = Debug|Any CPU
		{7AAF902A-773D-438F-A0F1-2D3D9449A539}.Debug|x64.ActiveCfg = Debug|Any CPU
		{7AAF902A-773D-438F-A0F1-2D3D9449A539}.Debug|x64.Build.0 = Debug|Any CPU
		{7AAF902A-773D-438F-A0F1-2D3D9449A539}.Debug|x86.ActiveCfg = Debug|Any CPU
		{7AAF902A-773D-438F-A0F1-2D3D9449A539}.Debug|x86.Build.0 = Debug|Any CPU
		{7AAF902A-773D-438F-A0F1-2D3D9449A539}.Release|Any CPU.ActiveCfg = Release|Any CPU
		{7AAF902A-773D-438F-A0F1-2D3D9449A539}.Release|Any CPU.Build.0 = Release|Any CPU
		{7AAF902A-773D-438F-A0F1-2D3D9449A539}.Release|x64.ActiveCfg = Release|Any CPU
		{7AAF902A-773D-438F-A0F1-2D3D9449A539}.Release|x64.Build.0 = Release|Any CPU
		{7AAF902A-773D-438F-A0F1-2D3D9449A539}.Release|x86.ActiveCfg = Release|Any CPU
		{7AAF902A-773D-438F-A0F1-2D3D9449A539}.Release|x86.Build.0 = Release|Any CPU
		{BC90493A-E5EC-42B0-BBF1-B5D6817B1A45}.Debug|Any CPU.ActiveCfg = Debug|Any CPU
		{BC90493A-E5EC-42B0-BBF1-B5D6817B1A45}.Debug|Any CPU.Build.0 = Debug|Any CPU
		{BC90493A-E5EC-42B0-BBF1-B5D6817B1A45}.Debug|x64.ActiveCfg = Debug|Any CPU
		{BC90493A-E5EC-42B0-BBF1-B5D6817B1A45}.Debug|x64.Build.0 = Debug|Any CPU
		{BC90493A-E5EC-42B0-BBF1-B5D6817B1A45}.Debug|x86.ActiveCfg = Debug|Any CPU
		{BC90493A-E5EC-42B0-BBF1-B5D6817B1A45}.Debug|x86.Build.0 = Debug|Any CPU
		{BC90493A-E5EC-42B0-BBF1-B5D6817B1A45}.Release|Any CPU.ActiveCfg = Release|Any CPU
		{BC90493A-E5EC-42B0-BBF1-B5D6817B1A45}.Release|Any CPU.Build.0 = Release|Any CPU
		{BC90493A-E5EC-42B0-BBF1-B5D6817B1A45}.Release|x64.ActiveCfg = Release|Any CPU
		{BC90493A-E5EC-42B0-BBF1-B5D6817B1A45}.Release|x64.Build.0 = Release|Any CPU
		{BC90493A-E5EC-42B0-BBF1-B5D6817B1A45}.Release|x86.ActiveCfg = Release|Any CPU
		{BC90493A-E5EC-42B0-BBF1-B5D6817B1A45}.Release|x86.Build.0 = Release|Any CPU
		{6942F29E-741B-4755-8C91-11E85AC044C6}.Debug|Any CPU.ActiveCfg = Debug|Any CPU
		{6942F29E-741B-4755-8C91-11E85AC044C6}.Debug|Any CPU.Build.0 = Debug|Any CPU
		{6942F29E-741B-4755-8C91-11E85AC044C6}.Debug|x64.ActiveCfg = Debug|Any CPU
		{6942F29E-741B-4755-8C91-11E85AC044C6}.Debug|x64.Build.0 = Debug|Any CPU
		{6942F29E-741B-4755-8C91-11E85AC044C6}.Debug|x86.ActiveCfg = Debug|Any CPU
		{6942F29E-741B-4755-8C91-11E85AC044C6}.Debug|x86.Build.0 = Debug|Any CPU
		{6942F29E-741B-4755-8C91-11E85AC044C6}.Release|Any CPU.ActiveCfg = Release|Any CPU
		{6942F29E-741B-4755-8C91-11E85AC044C6}.Release|Any CPU.Build.0 = Release|Any CPU
		{6942F29E-741B-4755-8C91-11E85AC044C6}.Release|x64.ActiveCfg = Release|Any CPU
		{6942F29E-741B-4755-8C91-11E85AC044C6}.Release|x64.Build.0 = Release|Any CPU
		{6942F29E-741B-4755-8C91-11E85AC044C6}.Release|x86.ActiveCfg = Release|Any CPU
		{6942F29E-741B-4755-8C91-11E85AC044C6}.Release|x86.Build.0 = Release|Any CPU
		{5B122DBF-1647-49FB-AD22-7EF3781CC0DA}.Debug|Any CPU.ActiveCfg = Debug|Any CPU
		{5B122DBF-1647-49FB-AD22-7EF3781CC0DA}.Debug|Any CPU.Build.0 = Debug|Any CPU
		{5B122DBF-1647-49FB-AD22-7EF3781CC0DA}.Debug|x64.ActiveCfg = Debug|Any CPU
		{5B122DBF-1647-49FB-AD22-7EF3781CC0DA}.Debug|x64.Build.0 = Debug|Any CPU
		{5B122DBF-1647-49FB-AD22-7EF3781CC0DA}.Debug|x86.ActiveCfg = Debug|Any CPU
		{5B122DBF-1647-49FB-AD22-7EF3781CC0DA}.Debug|x86.Build.0 = Debug|Any CPU
		{5B122DBF-1647-49FB-AD22-7EF3781CC0DA}.Release|Any CPU.ActiveCfg = Release|Any CPU
		{5B122DBF-1647-49FB-AD22-7EF3781CC0DA}.Release|Any CPU.Build.0 = Release|Any CPU
		{5B122DBF-1647-49FB-AD22-7EF3781CC0DA}.Release|x64.ActiveCfg = Release|Any CPU
		{5B122DBF-1647-49FB-AD22-7EF3781CC0DA}.Release|x64.Build.0 = Release|Any CPU
		{5B122DBF-1647-49FB-AD22-7EF3781CC0DA}.Release|x86.ActiveCfg = Release|Any CPU
		{5B122DBF-1647-49FB-AD22-7EF3781CC0DA}.Release|x86.Build.0 = Release|Any CPU
	EndGlobalSection
	GlobalSection(SolutionProperties) = preSolution
		HideSolutionNode = FALSE
	EndGlobalSection
	GlobalSection(NestedProjects) = preSolution
		{AED0B13D-58E2-4501-877C-5B03DB1F22A7} = {827E0CD3-B72D-47B6-A68D-7590B98EB39B}
		{5AB7912E-D2D3-41DA-8993-BE19E07C5664} = {827E0CD3-B72D-47B6-A68D-7590B98EB39B}
		{EA46FD04-30D8-4F42-974D-6571E9792C47} = {827E0CD3-B72D-47B6-A68D-7590B98EB39B}
		{7AAF902A-773D-438F-A0F1-2D3D9449A539} = {827E0CD3-B72D-47B6-A68D-7590B98EB39B}
		{BC90493A-E5EC-42B0-BBF1-B5D6817B1A45} = {0AB3BF05-4346-4AA6-1389-037BE0695223}
		{6942F29E-741B-4755-8C91-11E85AC044C6} = {07C2787E-EAC7-C090-1BA3-A61EC2A24D84}
		{5B122DBF-1647-49FB-AD22-7EF3781CC0DA} = {0AB3BF05-4346-4AA6-1389-037BE0695223}
	EndGlobalSection
EndGlobal
